
Microsoft Visual Studio Solution File, Format Version 12.00
# Visual Studio Version 17
VisualStudioVersion = 17.13.35818.85 d17.13
MinimumVisualStudioVersion = 10.0.40219.1
Project("{FAE04EC0-301F-11D3-BF4B-00C04F79EFBC}") = "HW 4-30 EFCoreWeb.Web", "HW 4-30 EFCoreWeb.Web\HW 4-30 EFCoreWeb.Web.csproj", "{50E8FA85-B32A-4EAF-B802-AE3899990EA3}"
EndProject
Project("{FAE04EC0-301F-11D3-BF4B-00C04F79EFBC}") = "HW 4-30 EFCoreWeb.Data", "HW 4-30 EFCoreWeb.Data\HW 4-30 EFCoreWeb.Data.csproj", "{EBC8E638-E127-4D05-B4EF-A46E3F1727D2}"
EndProject
Global
	GlobalSection(SolutionConfigurationPlatforms) = preSolution
		Debug|Any CPU = Debug|Any CPU
		Release|Any CPU = Release|Any CPU
	EndGlobalSection
	GlobalSection(ProjectConfigurationPlatforms) = postSolution
		{50E8FA85-B32A-4EAF-B802-AE3899990EA3}.Debug|Any CPU.ActiveCfg = Debug|Any CPU
		{50E8FA85-B32A-4EAF-B802-AE3899990EA3}.Debug|Any CPU.Build.0 = Debug|Any CPU
		{50E8FA85-B32A-4EAF-B802-AE3899990EA3}.Release|Any CPU.ActiveCfg = Release|Any CPU
		{50E8FA85-B32A-4EAF-B802-AE3899990EA3}.Release|Any CPU.Build.0 = Release|Any CPU
		{EBC8E638-E127-4D05-B4EF-A46E3F1727D2}.Debug|Any CPU.ActiveCfg = Debug|Any CPU
		{EBC8E638-E127-4D05-B4EF-A46E3F1727D2}.Debug|Any CPU.Build.0 = Debug|Any CPU
		{EBC8E638-E127-4D05-B4EF-A46E3F1727D2}.Release|Any CPU.ActiveCfg = Release|Any CPU
		{EBC8E638-E127-4D05-B4EF-A46E3F1727D2}.Release|Any CPU.Build.0 = Release|Any CPU
	EndGlobalSection
	GlobalSection(SolutionProperties) = preSolution
		HideSolutionNode = FALSE
	EndGlobalSection
	GlobalSection(ExtensibilityGlobals) = postSolution
		SolutionGuid = {28CC9C6F-35BE-4911-896F-A9595751D848}
	EndGlobalSection
EndGlobal
